
Microsoft Visual Studio Solution File, Format Version 12.00
# Visual Studio Version 17
VisualStudioVersion = 17.10.34916.146
MinimumVisualStudioVersion = 10.0.40219.1
Project("{FAE04EC0-301F-11D3-BF4B-00C04F79EFBC}") = "App", "App\App.csproj", "{3DA5CC90-507A-409B-ADA6-487A1BBB5CA0}"
EndProject
Project("{9A19103F-16F7-4668-BE54-9A1E7A4F7556}") = "Test", "Test\Test.csproj", "{6AB77D11-6C98-441E-BD97-26503B08556F}"
EndProject
Project("{2150E333-8FDC-42A3-9474-1A3956D46DE8}") = "Solution Items", "Solution Items", "{BDEE6105-051F-4E77-B42D-97F7BC680D64}"
	ProjectSection(SolutionItems) = preProject
		.dockerignore = .dockerignore
		..\.gitignore = ..\.gitignore
	EndProjectSection
EndProject
Project("{2150E333-8FDC-42A3-9474-1A3956D46DE8}") = ".github", ".github", "{FA51A0CD-0D74-486D-B31B-B9A372431762}"
EndProject
Project("{2150E333-8FDC-42A3-9474-1A3956D46DE8}") = "workflows", "workflows", "{21235C95-0EA8-4C6A-90FD-720B38D74EE9}"
	ProjectSection(SolutionItems) = preProject
		..\.github\workflows\build.yml = ..\.github\workflows\build.yml
	EndProjectSection
EndProject
Global
	GlobalSection(SolutionConfigurationPlatforms) = preSolution
		Debug|Any CPU = Debug|Any CPU
		Release|Any CPU = Release|Any CPU
	EndGlobalSection
	GlobalSection(ProjectConfigurationPlatforms) = postSolution
		{3DA5CC90-507A-409B-ADA6-487A1BBB5CA0}.Debug|Any CPU.ActiveCfg = Debug|Any CPU
		{3DA5CC90-507A-409B-ADA6-487A1BBB5CA0}.Debug|Any CPU.Build.0 = Debug|Any CPU
		{3DA5CC90-507A-409B-ADA6-487A1BBB5CA0}.Release|Any CPU.ActiveCfg = Release|Any CPU
		{3DA5CC90-507A-409B-ADA6-487A1BBB5CA0}.Release|Any CPU.Build.0 = Release|Any CPU
		{6AB77D11-6C98-441E-BD97-26503B08556F}.Debug|Any CPU.ActiveCfg = Debug|Any CPU
		{6AB77D11-6C98-441E-BD97-26503B08556F}.Debug|Any CPU.Build.0 = Debug|Any CPU
		{6AB77D11-6C98-441E-BD97-26503B08556F}.Release|Any CPU.ActiveCfg = Release|Any CPU
		{6AB77D11-6C98-441E-BD97-26503B08556F}.Release|Any CPU.Build.0 = Release|Any CPU
	EndGlobalSection
	GlobalSection(SolutionProperties) = preSolution
		HideSolutionNode = FALSE
	EndGlobalSection
	GlobalSection(NestedProjects) = preSolution
		{FA51A0CD-0D74-486D-B31B-B9A372431762} = {BDEE6105-051F-4E77-B42D-97F7BC680D64}
		{21235C95-0EA8-4C6A-90FD-720B38D74EE9} = {FA51A0CD-0D74-486D-B31B-B9A372431762}
	EndGlobalSection
	GlobalSection(ExtensibilityGlobals) = postSolution
		SolutionGuid = {93693D6B-DC3A-4E21-A896-D78D98615F97}
	EndGlobalSection
EndGlobal
