
Microsoft Visual Studio Solution File, Format Version 12.00
# Visual Studio Version 17
VisualStudioVersion = 17.10.34916.146
MinimumVisualStudioVersion = 10.0.40219.1
Project("{9A19103F-16F7-4668-BE54-9A1E7A4F7556}") = "Wrench", "Wrench.csproj", "{38AAD354-9B2B-442A-B29D-EF36E0F2443A}"
EndProject
Project("{2150E333-8FDC-42A3-9474-1A3956D46DE8}") = "Solution Items", "Solution Items", "{2AA59738-28E8-45BF-B1BA-D8E3EDDD791C}"
	ProjectSection(SolutionItems) = preProject
		.gitignore = .gitignore
	EndProjectSection
EndProject
Global
	GlobalSection(SolutionConfigurationPlatforms) = preSolution
		Debug|Any CPU = Debug|Any CPU
		Release|Any CPU = Release|Any CPU
	EndGlobalSection
	GlobalSection(ProjectConfigurationPlatforms) = postSolution
		{38AAD354-9B2B-442A-B29D-EF36E0F2443A}.Debug|Any CPU.ActiveCfg = Debug|Any CPU
		{38AAD354-9B2B-442A-B29D-EF36E0F2443A}.Debug|Any CPU.Build.0 = Debug|Any CPU
		{38AAD354-9B2B-442A-B29D-EF36E0F2443A}.Release|Any CPU.ActiveCfg = Release|Any CPU
		{38AAD354-9B2B-442A-B29D-EF36E0F2443A}.Release|Any CPU.Build.0 = Release|Any CPU
	EndGlobalSection
	GlobalSection(SolutionProperties) = preSolution
		HideSolutionNode = FALSE
	EndGlobalSection
	GlobalSection(ExtensibilityGlobals) = postSolution
		SolutionGuid = {941DD3AF-8D76-4DB6-A841-4F19EEB85806}
	EndGlobalSection
EndGlobal
